
Microsoft Visual Studio Solution File, Format Version 11.00
# Visual Studio 2010
Project("{FAE04EC0-301F-11D3-BF4B-00C04F79EFBC}") = "FRDB-SQLite", "FRDB-SQLite\FRDB-SQLite.csproj", "{6FFE265E-98D7-484C-ABE6-F457B7A00F09}"
EndProject
Global
	GlobalSection(SolutionConfigurationPlatforms) = preSolution
		Debug|x86 = Debug|x86
		Release|x86 = Release|x86
	EndGlobalSection
	GlobalSection(ProjectConfigurationPlatforms) = postSolution
		{6FFE265E-98D7-484C-ABE6-F457B7A00F09}.Debug|x86.ActiveCfg = Debug|x86
		{6FFE265E-98D7-484C-ABE6-F457B7A00F09}.Debug|x86.Build.0 = Debug|x86
		{6FFE265E-98D7-484C-ABE6-F457B7A00F09}.Release|x86.ActiveCfg = Release|x86
		{6FFE265E-98D7-484C-ABE6-F457B7A00F09}.Release|x86.Build.0 = Release|x86
	EndGlobalSection
	GlobalSection(SolutionProperties) = preSolution
		HideSolutionNode = FALSE
	EndGlobalSection
EndGlobal
